// !$*UTF8*$!
{
	archiveVersion = 1;
	classes = {
	};
	objectVersion = 55;
	objects = {

/* Begin PBXBuildFile section */
		35BC666C28A0C3A400A96890 /* EthereumWalletDemoApp.swift in Sources */ = {isa = PBXBuildFile; fileRef = 35BC666B28A0C3A400A96890 /* EthereumWalletDemoApp.swift */; };
		35BC667028A0C3A600A96890 /* Assets.xcassets in Resources */ = {isa = PBXBuildFile; fileRef = 35BC666F28A0C3A600A96890 /* Assets.xcassets */; };
		35BC667328A0C3A600A96890 /* Preview Assets.xcassets in Resources */ = {isa = PBXBuildFile; fileRef = 35BC667228A0C3A600A96890 /* Preview Assets.xcassets */; };
		35BC667528A0C3A600A96890 /* Persistence.swift in Sources */ = {isa = PBXBuildFile; fileRef = 35BC667428A0C3A600A96890 /* Persistence.swift */; };
		35BC667828A0C3A600A96890 /* EthereumWalletDemo.xcdatamodeld in Sources */ = {isa = PBXBuildFile; fileRef = 35BC667628A0C3A600A96890 /* EthereumWalletDemo.xcdatamodeld */; };
		35BC668228A0C3A600A96890 /* EthereumWalletDemoTests.swift in Sources */ = {isa = PBXBuildFile; fileRef = 35BC668128A0C3A600A96890 /* EthereumWalletDemoTests.swift */; };
		35BC668C28A0C3A600A96890 /* EthereumWalletDemoUITests.swift in Sources */ = {isa = PBXBuildFile; fileRef = 35BC668B28A0C3A600A96890 /* EthereumWalletDemoUITests.swift */; };
		35BC668E28A0C3A600A96890 /* EthereumWalletDemoUITestsLaunchTests.swift in Sources */ = {isa = PBXBuildFile; fileRef = 35BC668D28A0C3A600A96890 /* EthereumWalletDemoUITestsLaunchTests.swift */; };
		35BC66B028A0F59100A96890 /* Home.swift in Sources */ = {isa = PBXBuildFile; fileRef = 35BC66AF28A0F59100A96890 /* Home.swift */; };
		35BC66B128A0F59100A96890 /* Home.swift in Sources */ = {isa = PBXBuildFile; fileRef = 35BC66AF28A0F59100A96890 /* Home.swift */; };
		35BC66B228A0F59100A96890 /* Home.swift in Sources */ = {isa = PBXBuildFile; fileRef = 35BC66AF28A0F59100A96890 /* Home.swift */; };
		35BC66B628A0F5EF00A96890 /* HomeViewModel.swift in Sources */ = {isa = PBXBuildFile; fileRef = 35BC66B528A0F5EF00A96890 /* HomeViewModel.swift */; };
		35BC66B728A0F5EF00A96890 /* HomeViewModel.swift in Sources */ = {isa = PBXBuildFile; fileRef = 35BC66B528A0F5EF00A96890 /* HomeViewModel.swift */; };
		35BC66B828A0F5EF00A96890 /* HomeViewModel.swift in Sources */ = {isa = PBXBuildFile; fileRef = 35BC66B528A0F5EF00A96890 /* HomeViewModel.swift */; };
		35BC66BA28A1006200A96890 /* HomeHeader.swift in Sources */ = {isa = PBXBuildFile; fileRef = 35BC66B928A1006200A96890 /* HomeHeader.swift */; };
		35BC66BB28A1006200A96890 /* HomeHeader.swift in Sources */ = {isa = PBXBuildFile; fileRef = 35BC66B928A1006200A96890 /* HomeHeader.swift */; };
		35BC66BC28A1006200A96890 /* HomeHeader.swift in Sources */ = {isa = PBXBuildFile; fileRef = 35BC66B928A1006200A96890 /* HomeHeader.swift */; };
		35BC670028A2160C00A96890 /* EthereumNetworkService.swift in Sources */ = {isa = PBXBuildFile; fileRef = 35BC66FF28A2160C00A96890 /* EthereumNetworkService.swift */; };
		35BC670128A2160C00A96890 /* EthereumNetworkService.swift in Sources */ = {isa = PBXBuildFile; fileRef = 35BC66FF28A2160C00A96890 /* EthereumNetworkService.swift */; };
		35BC670228A2160C00A96890 /* EthereumNetworkService.swift in Sources */ = {isa = PBXBuildFile; fileRef = 35BC66FF28A2160C00A96890 /* EthereumNetworkService.swift */; };
		35BC670828A2328A00A96890 /* Toast.swift in Sources */ = {isa = PBXBuildFile; fileRef = 35BC670728A2328A00A96890 /* Toast.swift */; };
		35BC670928A2328A00A96890 /* Toast.swift in Sources */ = {isa = PBXBuildFile; fileRef = 35BC670728A2328A00A96890 /* Toast.swift */; };
		35BC670A28A2328A00A96890 /* Toast.swift in Sources */ = {isa = PBXBuildFile; fileRef = 35BC670728A2328A00A96890 /* Toast.swift */; };
		35BC670C28A2331700A96890 /* Extenstions.swift in Sources */ = {isa = PBXBuildFile; fileRef = 35BC670B28A2331700A96890 /* Extenstions.swift */; };
		35BC670D28A2331700A96890 /* Extenstions.swift in Sources */ = {isa = PBXBuildFile; fileRef = 35BC670B28A2331700A96890 /* Extenstions.swift */; };
		35BC670E28A2331700A96890 /* Extenstions.swift in Sources */ = {isa = PBXBuildFile; fileRef = 35BC670B28A2331700A96890 /* Extenstions.swift */; };
		35BC671528A246F500A96890 /* BuyViewModel.swift in Sources */ = {isa = PBXBuildFile; fileRef = 35BC671328A246F500A96890 /* BuyViewModel.swift */; };
		35BC671628A246F500A96890 /* BuyViewModel.swift in Sources */ = {isa = PBXBuildFile; fileRef = 35BC671328A246F500A96890 /* BuyViewModel.swift */; };
		35BC671728A246F500A96890 /* BuyViewModel.swift in Sources */ = {isa = PBXBuildFile; fileRef = 35BC671328A246F500A96890 /* BuyViewModel.swift */; };
		35BC671828A246F500A96890 /* Buy.swift in Sources */ = {isa = PBXBuildFile; fileRef = 35BC671428A246F500A96890 /* Buy.swift */; };
		35BC671928A246F500A96890 /* Buy.swift in Sources */ = {isa = PBXBuildFile; fileRef = 35BC671428A246F500A96890 /* Buy.swift */; };
		35BC671A28A246F500A96890 /* Buy.swift in Sources */ = {isa = PBXBuildFile; fileRef = 35BC671428A246F500A96890 /* Buy.swift */; };
		35BC671E28A2472700A96890 /* TokenViewModel.swift in Sources */ = {isa = PBXBuildFile; fileRef = 35BC671C28A2472700A96890 /* TokenViewModel.swift */; };
		35BC671F28A2472700A96890 /* TokenViewModel.swift in Sources */ = {isa = PBXBuildFile; fileRef = 35BC671C28A2472700A96890 /* TokenViewModel.swift */; };
		35BC672028A2472700A96890 /* TokenViewModel.swift in Sources */ = {isa = PBXBuildFile; fileRef = 35BC671C28A2472700A96890 /* TokenViewModel.swift */; };
		35BC672128A2472700A96890 /* Token.swift in Sources */ = {isa = PBXBuildFile; fileRef = 35BC671D28A2472700A96890 /* Token.swift */; };
		35BC672228A2472700A96890 /* Token.swift in Sources */ = {isa = PBXBuildFile; fileRef = 35BC671D28A2472700A96890 /* Token.swift */; };
		35BC672328A2472700A96890 /* Token.swift in Sources */ = {isa = PBXBuildFile; fileRef = 35BC671D28A2472700A96890 /* Token.swift */; };
		35BC672628A2473000A96890 /* Send.swift in Sources */ = {isa = PBXBuildFile; fileRef = 35BC672428A2473000A96890 /* Send.swift */; };
		35BC672728A2473000A96890 /* Send.swift in Sources */ = {isa = PBXBuildFile; fileRef = 35BC672428A2473000A96890 /* Send.swift */; };
		35BC672828A2473000A96890 /* Send.swift in Sources */ = {isa = PBXBuildFile; fileRef = 35BC672428A2473000A96890 /* Send.swift */; };
		35BC672928A2473000A96890 /* SendViewModel.swift in Sources */ = {isa = PBXBuildFile; fileRef = 35BC672528A2473000A96890 /* SendViewModel.swift */; };
		35BC672A28A2473000A96890 /* SendViewModel.swift in Sources */ = {isa = PBXBuildFile; fileRef = 35BC672528A2473000A96890 /* SendViewModel.swift */; };
		35BC672B28A2473000A96890 /* SendViewModel.swift in Sources */ = {isa = PBXBuildFile; fileRef = 35BC672528A2473000A96890 /* SendViewModel.swift */; };
		7111334EFBF0CFED17191C96 /* Pods_EthereumWalletDemo_EthereumWalletDemoUITests.framework in Frameworks */ = {isa = PBXBuildFile; fileRef = 6A40EB92CE16AFBB54B2CD6F /* Pods_EthereumWalletDemo_EthereumWalletDemoUITests.framework */; };
		DD7CFFB4981AA2E1719D2E9C /* Pods_EthereumWalletDemoTests.framework in Frameworks */ = {isa = PBXBuildFile; fileRef = 2517652DF18C3F5D0AC45E26 /* Pods_EthereumWalletDemoTests.framework */; };
		E438FE64E21756A68D3E5DE3 /* Pods_EthereumWalletDemo.framework in Frameworks */ = {isa = PBXBuildFile; fileRef = D068DFB2C0B6372FFEC6B05C /* Pods_EthereumWalletDemo.framework */; };
/* End PBXBuildFile section */

/* Begin PBXContainerItemProxy section */
		35BC667E28A0C3A600A96890 /* PBXContainerItemProxy */ = {
			isa = PBXContainerItemProxy;
			containerPortal = 35BC666028A0C3A400A96890 /* Project object */;
			proxyType = 1;
			remoteGlobalIDString = 35BC666728A0C3A400A96890;
			remoteInfo = EthereumWalletDemo;
		};
		35BC668828A0C3A600A96890 /* PBXContainerItemProxy */ = {
			isa = PBXContainerItemProxy;
			containerPortal = 35BC666028A0C3A400A96890 /* Project object */;
			proxyType = 1;
			remoteGlobalIDString = 35BC666728A0C3A400A96890;
			remoteInfo = EthereumWalletDemo;
		};
/* End PBXContainerItemProxy section */

/* Begin PBXFileReference section */
		011A3E74CB3DF5141F5BDD76 /* Pods-EthereumWalletDemo-EthereumWalletDemoUITests.release.xcconfig */ = {isa = PBXFileReference; includeInIndex = 1; lastKnownFileType = text.xcconfig; name = "Pods-EthereumWalletDemo-EthereumWalletDemoUITests.release.xcconfig"; path = "Target Support Files/Pods-EthereumWalletDemo-EthereumWalletDemoUITests/Pods-EthereumWalletDemo-EthereumWalletDemoUITests.release.xcconfig"; sourceTree = "<group>"; };
		2517652DF18C3F5D0AC45E26 /* Pods_EthereumWalletDemoTests.framework */ = {isa = PBXFileReference; explicitFileType = wrapper.framework; includeInIndex = 0; path = Pods_EthereumWalletDemoTests.framework; sourceTree = BUILT_PRODUCTS_DIR; };
		35BC666828A0C3A400A96890 /* EthereumWalletDemo.app */ = {isa = PBXFileReference; explicitFileType = wrapper.application; includeInIndex = 0; path = EthereumWalletDemo.app; sourceTree = BUILT_PRODUCTS_DIR; };
		35BC666B28A0C3A400A96890 /* EthereumWalletDemoApp.swift */ = {isa = PBXFileReference; lastKnownFileType = sourcecode.swift; path = EthereumWalletDemoApp.swift; sourceTree = "<group>"; };
		35BC666F28A0C3A600A96890 /* Assets.xcassets */ = {isa = PBXFileReference; lastKnownFileType = folder.assetcatalog; path = Assets.xcassets; sourceTree = "<group>"; };
		35BC667228A0C3A600A96890 /* Preview Assets.xcassets */ = {isa = PBXFileReference; lastKnownFileType = folder.assetcatalog; path = "Preview Assets.xcassets"; sourceTree = "<group>"; };
		35BC667428A0C3A600A96890 /* Persistence.swift */ = {isa = PBXFileReference; lastKnownFileType = sourcecode.swift; path = Persistence.swift; sourceTree = "<group>"; };
		35BC667728A0C3A600A96890 /* EthereumWalletDemo.xcdatamodel */ = {isa = PBXFileReference; lastKnownFileType = wrapper.xcdatamodel; path = EthereumWalletDemo.xcdatamodel; sourceTree = "<group>"; };
		35BC667D28A0C3A600A96890 /* EthereumWalletDemoTests.xctest */ = {isa = PBXFileReference; explicitFileType = wrapper.cfbundle; includeInIndex = 0; path = EthereumWalletDemoTests.xctest; sourceTree = BUILT_PRODUCTS_DIR; };
		35BC668128A0C3A600A96890 /* EthereumWalletDemoTests.swift */ = {isa = PBXFileReference; lastKnownFileType = sourcecode.swift; path = EthereumWalletDemoTests.swift; sourceTree = "<group>"; };
		35BC668728A0C3A600A96890 /* EthereumWalletDemoUITests.xctest */ = {isa = PBXFileReference; explicitFileType = wrapper.cfbundle; includeInIndex = 0; path = EthereumWalletDemoUITests.xctest; sourceTree = BUILT_PRODUCTS_DIR; };
		35BC668B28A0C3A600A96890 /* EthereumWalletDemoUITests.swift */ = {isa = PBXFileReference; lastKnownFileType = sourcecode.swift; path = EthereumWalletDemoUITests.swift; sourceTree = "<group>"; };
		35BC668D28A0C3A600A96890 /* EthereumWalletDemoUITestsLaunchTests.swift */ = {isa = PBXFileReference; lastKnownFileType = sourcecode.swift; path = EthereumWalletDemoUITestsLaunchTests.swift; sourceTree = "<group>"; };
		35BC66AF28A0F59100A96890 /* Home.swift */ = {isa = PBXFileReference; lastKnownFileType = sourcecode.swift; path = Home.swift; sourceTree = "<group>"; };
		35BC66B528A0F5EF00A96890 /* HomeViewModel.swift */ = {isa = PBXFileReference; lastKnownFileType = sourcecode.swift; path = HomeViewModel.swift; sourceTree = "<group>"; };
		35BC66B928A1006200A96890 /* HomeHeader.swift */ = {isa = PBXFileReference; lastKnownFileType = sourcecode.swift; path = HomeHeader.swift; sourceTree = "<group>"; };
		35BC66FF28A2160C00A96890 /* EthereumNetworkService.swift */ = {isa = PBXFileReference; lastKnownFileType = sourcecode.swift; path = EthereumNetworkService.swift; sourceTree = "<group>"; };
		35BC670728A2328A00A96890 /* Toast.swift */ = {isa = PBXFileReference; fileEncoding = 4; lastKnownFileType = sourcecode.swift; path = Toast.swift; sourceTree = "<group>"; };
		35BC670B28A2331700A96890 /* Extenstions.swift */ = {isa = PBXFileReference; fileEncoding = 4; lastKnownFileType = sourcecode.swift; path = Extenstions.swift; sourceTree = "<group>"; };
		35BC671328A246F500A96890 /* BuyViewModel.swift */ = {isa = PBXFileReference; fileEncoding = 4; lastKnownFileType = sourcecode.swift; path = BuyViewModel.swift; sourceTree = "<group>"; };
		35BC671428A246F500A96890 /* Buy.swift */ = {isa = PBXFileReference; fileEncoding = 4; lastKnownFileType = sourcecode.swift; path = Buy.swift; sourceTree = "<group>"; };
		35BC671C28A2472700A96890 /* TokenViewModel.swift */ = {isa = PBXFileReference; fileEncoding = 4; lastKnownFileType = sourcecode.swift; path = TokenViewModel.swift; sourceTree = "<group>"; };
		35BC671D28A2472700A96890 /* Token.swift */ = {isa = PBXFileReference; fileEncoding = 4; lastKnownFileType = sourcecode.swift; path = Token.swift; sourceTree = "<group>"; };
		35BC672428A2473000A96890 /* Send.swift */ = {isa = PBXFileReference; fileEncoding = 4; lastKnownFileType = sourcecode.swift; path = Send.swift; sourceTree = "<group>"; };
		35BC672528A2473000A96890 /* SendViewModel.swift */ = {isa = PBXFileReference; fileEncoding = 4; lastKnownFileType = sourcecode.swift; path = SendViewModel.swift; sourceTree = "<group>"; };
		522BF5F397723F5647BC44CC /* Pods-EthereumWalletDemo-EthereumWalletDemoUITests.debug.xcconfig */ = {isa = PBXFileReference; includeInIndex = 1; lastKnownFileType = text.xcconfig; name = "Pods-EthereumWalletDemo-EthereumWalletDemoUITests.debug.xcconfig"; path = "Target Support Files/Pods-EthereumWalletDemo-EthereumWalletDemoUITests/Pods-EthereumWalletDemo-EthereumWalletDemoUITests.debug.xcconfig"; sourceTree = "<group>"; };
		6A40EB92CE16AFBB54B2CD6F /* Pods_EthereumWalletDemo_EthereumWalletDemoUITests.framework */ = {isa = PBXFileReference; explicitFileType = wrapper.framework; includeInIndex = 0; path = Pods_EthereumWalletDemo_EthereumWalletDemoUITests.framework; sourceTree = BUILT_PRODUCTS_DIR; };
		6D3CDC8319D2EFA604D11FA5 /* Pods-EthereumWalletDemoTests.release.xcconfig */ = {isa = PBXFileReference; includeInIndex = 1; lastKnownFileType = text.xcconfig; name = "Pods-EthereumWalletDemoTests.release.xcconfig"; path = "Target Support Files/Pods-EthereumWalletDemoTests/Pods-EthereumWalletDemoTests.release.xcconfig"; sourceTree = "<group>"; };
		724992F342C9FF0E3E4BF4F0 /* Pods-EthereumWalletDemo.release.xcconfig */ = {isa = PBXFileReference; includeInIndex = 1; lastKnownFileType = text.xcconfig; name = "Pods-EthereumWalletDemo.release.xcconfig"; path = "Target Support Files/Pods-EthereumWalletDemo/Pods-EthereumWalletDemo.release.xcconfig"; sourceTree = "<group>"; };
		88E42FBDC40CDF9A63677A49 /* Pods-EthereumWalletDemo.debug.xcconfig */ = {isa = PBXFileReference; includeInIndex = 1; lastKnownFileType = text.xcconfig; name = "Pods-EthereumWalletDemo.debug.xcconfig"; path = "Target Support Files/Pods-EthereumWalletDemo/Pods-EthereumWalletDemo.debug.xcconfig"; sourceTree = "<group>"; };
		D068DFB2C0B6372FFEC6B05C /* Pods_EthereumWalletDemo.framework */ = {isa = PBXFileReference; explicitFileType = wrapper.framework; includeInIndex = 0; path = Pods_EthereumWalletDemo.framework; sourceTree = BUILT_PRODUCTS_DIR; };
		F5F173363571A252D54DD2C9 /* Pods-EthereumWalletDemoTests.debug.xcconfig */ = {isa = PBXFileReference; includeInIndex = 1; lastKnownFileType = text.xcconfig; name = "Pods-EthereumWalletDemoTests.debug.xcconfig"; path = "Target Support Files/Pods-EthereumWalletDemoTests/Pods-EthereumWalletDemoTests.debug.xcconfig"; sourceTree = "<group>"; };
/* End PBXFileReference section */

/* Begin PBXFrameworksBuildPhase section */
		35BC666528A0C3A400A96890 /* Frameworks */ = {
			isa = PBXFrameworksBuildPhase;
			buildActionMask = 2147483647;
			files = (
				E438FE64E21756A68D3E5DE3 /* Pods_EthereumWalletDemo.framework in Frameworks */,
			);
			runOnlyForDeploymentPostprocessing = 0;
		};
		35BC667A28A0C3A600A96890 /* Frameworks */ = {
			isa = PBXFrameworksBuildPhase;
			buildActionMask = 2147483647;
			files = (
				DD7CFFB4981AA2E1719D2E9C /* Pods_EthereumWalletDemoTests.framework in Frameworks */,
			);
			runOnlyForDeploymentPostprocessing = 0;
		};
		35BC668428A0C3A600A96890 /* Frameworks */ = {
			isa = PBXFrameworksBuildPhase;
			buildActionMask = 2147483647;
			files = (
				7111334EFBF0CFED17191C96 /* Pods_EthereumWalletDemo_EthereumWalletDemoUITests.framework in Frameworks */,
			);
			runOnlyForDeploymentPostprocessing = 0;
		};
/* End PBXFrameworksBuildPhase section */

/* Begin PBXGroup section */
		35BC665F28A0C3A400A96890 = {
			isa = PBXGroup;
			children = (
				35BC666A28A0C3A400A96890 /* EthereumWalletDemo */,
				35BC668028A0C3A600A96890 /* EthereumWalletDemoTests */,
				35BC668A28A0C3A600A96890 /* EthereumWalletDemoUITests */,
				35BC666928A0C3A400A96890 /* Products */,
				F54DA11D5E46344F6B07901C /* Pods */,
				DB8B992CFD4F8336E2EA7032 /* Frameworks */,
			);
			sourceTree = "<group>";
		};
		35BC666928A0C3A400A96890 /* Products */ = {
			isa = PBXGroup;
			children = (
				35BC666828A0C3A400A96890 /* EthereumWalletDemo.app */,
				35BC667D28A0C3A600A96890 /* EthereumWalletDemoTests.xctest */,
				35BC668728A0C3A600A96890 /* EthereumWalletDemoUITests.xctest */,
			);
			name = Products;
			sourceTree = "<group>";
		};
		35BC666A28A0C3A400A96890 /* EthereumWalletDemo */ = {
			isa = PBXGroup;
			children = (
				35BC66FA28A2014100A96890 /* Utils */,
				35BC669D28A0EFF100A96890 /* Services */,
				35BC669C28A0EFDF00A96890 /* Models */,
				35BC66B328A0F59E00A96890 /* ViewModels */,
				35BC669A28A0EFCE00A96890 /* Views */,
				35BC666B28A0C3A400A96890 /* EthereumWalletDemoApp.swift */,
				35BC666F28A0C3A600A96890 /* Assets.xcassets */,
				35BC667428A0C3A600A96890 /* Persistence.swift */,
				35BC667628A0C3A600A96890 /* EthereumWalletDemo.xcdatamodeld */,
				35BC667128A0C3A600A96890 /* Preview Content */,
			);
			path = EthereumWalletDemo;
			sourceTree = "<group>";
		};
		35BC667128A0C3A600A96890 /* Preview Content */ = {
			isa = PBXGroup;
			children = (
				35BC667228A0C3A600A96890 /* Preview Assets.xcassets */,
			);
			path = "Preview Content";
			sourceTree = "<group>";
		};
		35BC668028A0C3A600A96890 /* EthereumWalletDemoTests */ = {
			isa = PBXGroup;
			children = (
				35BC668128A0C3A600A96890 /* EthereumWalletDemoTests.swift */,
			);
			path = EthereumWalletDemoTests;
			sourceTree = "<group>";
		};
		35BC668A28A0C3A600A96890 /* EthereumWalletDemoUITests */ = {
			isa = PBXGroup;
			children = (
				35BC668B28A0C3A600A96890 /* EthereumWalletDemoUITests.swift */,
				35BC668D28A0C3A600A96890 /* EthereumWalletDemoUITestsLaunchTests.swift */,
			);
			path = EthereumWalletDemoUITests;
			sourceTree = "<group>";
		};
		35BC669A28A0EFCE00A96890 /* Views */ = {
			isa = PBXGroup;
			children = (
				35BC671B28A2471B00A96890 /* Token */,
				35BC671128A246DB00A96890 /* Send */,
				35BC670F28A246C200A96890 /* Buy */,
				35BC66AE28A0F55600A96890 /* Home */,
			);
			path = Views;
			sourceTree = "<group>";
		};
		35BC669C28A0EFDF00A96890 /* Models */ = {
			isa = PBXGroup;
			children = (
			);
			path = Models;
			sourceTree = "<group>";
		};
		35BC669D28A0EFF100A96890 /* Services */ = {
			isa = PBXGroup;
			children = (
				35BC66FF28A2160C00A96890 /* EthereumNetworkService.swift */,
			);
			path = Services;
			sourceTree = "<group>";
		};
		35BC66AE28A0F55600A96890 /* Home */ = {
			isa = PBXGroup;
			children = (
				35BC66AF28A0F59100A96890 /* Home.swift */,
				35BC66B928A1006200A96890 /* HomeHeader.swift */,
			);
			path = Home;
			sourceTree = "<group>";
		};
		35BC66B328A0F59E00A96890 /* ViewModels */ = {
			isa = PBXGroup;
			children = (
				35BC672E28A2476E00A96890 /* Token */,
				35BC672D28A2476800A96890 /* Buy */,
				35BC672C28A2476100A96890 /* Send */,
				35BC66B428A0F5BA00A96890 /* Home */,
			);
			path = ViewModels;
			sourceTree = "<group>";
		};
		35BC66B428A0F5BA00A96890 /* Home */ = {
			isa = PBXGroup;
			children = (
				35BC66B528A0F5EF00A96890 /* HomeViewModel.swift */,
			);
			path = Home;
			sourceTree = "<group>";
		};
		35BC66FA28A2014100A96890 /* Utils */ = {
			isa = PBXGroup;
			children = (
				35BC670B28A2331700A96890 /* Extenstions.swift */,
				35BC670728A2328A00A96890 /* Toast.swift */,
			);
			path = Utils;
			sourceTree = "<group>";
		};
		35BC670F28A246C200A96890 /* Buy */ = {
			isa = PBXGroup;
			children = (
				35BC671428A246F500A96890 /* Buy.swift */,
			);
			path = Buy;
			sourceTree = "<group>";
		};
		35BC671128A246DB00A96890 /* Send */ = {
			isa = PBXGroup;
			children = (
				35BC672428A2473000A96890 /* Send.swift */,
			);
			path = Send;
			sourceTree = "<group>";
		};
		35BC671B28A2471B00A96890 /* Token */ = {
			isa = PBXGroup;
			children = (
				35BC671D28A2472700A96890 /* Token.swift */,
			);
			path = Token;
			sourceTree = "<group>";
		};
		35BC672C28A2476100A96890 /* Send */ = {
			isa = PBXGroup;
			children = (
				35BC672528A2473000A96890 /* SendViewModel.swift */,
			);
			path = Send;
			sourceTree = "<group>";
		};
		35BC672D28A2476800A96890 /* Buy */ = {
			isa = PBXGroup;
			children = (
				35BC671328A246F500A96890 /* BuyViewModel.swift */,
			);
			path = Buy;
			sourceTree = "<group>";
		};
		35BC672E28A2476E00A96890 /* Token */ = {
			isa = PBXGroup;
			children = (
				35BC671C28A2472700A96890 /* TokenViewModel.swift */,
			);
			path = Token;
			sourceTree = "<group>";
		};
		DB8B992CFD4F8336E2EA7032 /* Frameworks */ = {
			isa = PBXGroup;
			children = (
				D068DFB2C0B6372FFEC6B05C /* Pods_EthereumWalletDemo.framework */,
				6A40EB92CE16AFBB54B2CD6F /* Pods_EthereumWalletDemo_EthereumWalletDemoUITests.framework */,
				2517652DF18C3F5D0AC45E26 /* Pods_EthereumWalletDemoTests.framework */,
			);
			name = Frameworks;
			sourceTree = "<group>";
		};
		F54DA11D5E46344F6B07901C /* Pods */ = {
			isa = PBXGroup;
			children = (
				88E42FBDC40CDF9A63677A49 /* Pods-EthereumWalletDemo.debug.xcconfig */,
				724992F342C9FF0E3E4BF4F0 /* Pods-EthereumWalletDemo.release.xcconfig */,
				522BF5F397723F5647BC44CC /* Pods-EthereumWalletDemo-EthereumWalletDemoUITests.debug.xcconfig */,
				011A3E74CB3DF5141F5BDD76 /* Pods-EthereumWalletDemo-EthereumWalletDemoUITests.release.xcconfig */,
				F5F173363571A252D54DD2C9 /* Pods-EthereumWalletDemoTests.debug.xcconfig */,
				6D3CDC8319D2EFA604D11FA5 /* Pods-EthereumWalletDemoTests.release.xcconfig */,
			);
			path = Pods;
			sourceTree = "<group>";
		};
/* End PBXGroup section */

/* Begin PBXNativeTarget section */
		35BC666728A0C3A400A96890 /* EthereumWalletDemo */ = {
			isa = PBXNativeTarget;
			buildConfigurationList = 35BC669128A0C3A600A96890 /* Build configuration list for PBXNativeTarget "EthereumWalletDemo" */;
			buildPhases = (
				F167C15B6FEE925FEB2671F4 /* [CP] Check Pods Manifest.lock */,
				35BC666428A0C3A400A96890 /* Sources */,
				35BC666528A0C3A400A96890 /* Frameworks */,
				35BC666628A0C3A400A96890 /* Resources */,
				7BFCACF60BCADA02C5195C85 /* [CP] Embed Pods Frameworks */,
			);
			buildRules = (
			);
			dependencies = (
			);
			name = EthereumWalletDemo;
			productName = EthereumWalletDemo;
			productReference = 35BC666828A0C3A400A96890 /* EthereumWalletDemo.app */;
			productType = "com.apple.product-type.application";
		};
		35BC667C28A0C3A600A96890 /* EthereumWalletDemoTests */ = {
			isa = PBXNativeTarget;
			buildConfigurationList = 35BC669428A0C3A600A96890 /* Build configuration list for PBXNativeTarget "EthereumWalletDemoTests" */;
			buildPhases = (
				00C486408C7380BDBA8817C8 /* [CP] Check Pods Manifest.lock */,
				35BC667928A0C3A600A96890 /* Sources */,
				35BC667A28A0C3A600A96890 /* Frameworks */,
				35BC667B28A0C3A600A96890 /* Resources */,
				09B05466643923E36AE890F2 /* [CP] Embed Pods Frameworks */,
			);
			buildRules = (
			);
			dependencies = (
				35BC667F28A0C3A600A96890 /* PBXTargetDependency */,
			);
			name = EthereumWalletDemoTests;
			productName = EthereumWalletDemoTests;
			productReference = 35BC667D28A0C3A600A96890 /* EthereumWalletDemoTests.xctest */;
			productType = "com.apple.product-type.bundle.unit-test";
		};
		35BC668628A0C3A600A96890 /* EthereumWalletDemoUITests */ = {
			isa = PBXNativeTarget;
			buildConfigurationList = 35BC669728A0C3A600A96890 /* Build configuration list for PBXNativeTarget "EthereumWalletDemoUITests" */;
			buildPhases = (
				DFF5A7E2DA07A136A717CB0D /* [CP] Check Pods Manifest.lock */,
				35BC668328A0C3A600A96890 /* Sources */,
				35BC668428A0C3A600A96890 /* Frameworks */,
				35BC668528A0C3A600A96890 /* Resources */,
				20453936122A3CB4E55D4F34 /* [CP] Embed Pods Frameworks */,
			);
			buildRules = (
			);
			dependencies = (
				35BC668928A0C3A600A96890 /* PBXTargetDependency */,
			);
			name = EthereumWalletDemoUITests;
			productName = EthereumWalletDemoUITests;
			productReference = 35BC668728A0C3A600A96890 /* EthereumWalletDemoUITests.xctest */;
			productType = "com.apple.product-type.bundle.ui-testing";
		};
/* End PBXNativeTarget section */

/* Begin PBXProject section */
		35BC666028A0C3A400A96890 /* Project object */ = {
			isa = PBXProject;
			attributes = {
				BuildIndependentTargetsInParallel = 1;
				LastSwiftUpdateCheck = 1340;
				LastUpgradeCheck = 1340;
				TargetAttributes = {
					35BC666728A0C3A400A96890 = {
						CreatedOnToolsVersion = 13.4.1;
					};
					35BC667C28A0C3A600A96890 = {
						CreatedOnToolsVersion = 13.4.1;
						TestTargetID = 35BC666728A0C3A400A96890;
					};
					35BC668628A0C3A600A96890 = {
						CreatedOnToolsVersion = 13.4.1;
						TestTargetID = 35BC666728A0C3A400A96890;
					};
				};
			};
			buildConfigurationList = 35BC666328A0C3A400A96890 /* Build configuration list for PBXProject "EthereumWalletDemo" */;
			compatibilityVersion = "Xcode 13.0";
			developmentRegion = en;
			hasScannedForEncodings = 0;
			knownRegions = (
				en,
				Base,
			);
			mainGroup = 35BC665F28A0C3A400A96890;
			productRefGroup = 35BC666928A0C3A400A96890 /* Products */;
			projectDirPath = "";
			projectRoot = "";
			targets = (
				35BC666728A0C3A400A96890 /* EthereumWalletDemo */,
				35BC667C28A0C3A600A96890 /* EthereumWalletDemoTests */,
				35BC668628A0C3A600A96890 /* EthereumWalletDemoUITests */,
			);
		};
/* End PBXProject section */

/* Begin PBXResourcesBuildPhase section */
		35BC666628A0C3A400A96890 /* Resources */ = {
			isa = PBXResourcesBuildPhase;
			buildActionMask = 2147483647;
			files = (
				35BC667328A0C3A600A96890 /* Preview Assets.xcassets in Resources */,
				35BC667028A0C3A600A96890 /* Assets.xcassets in Resources */,
			);
			runOnlyForDeploymentPostprocessing = 0;
		};
		35BC667B28A0C3A600A96890 /* Resources */ = {
			isa = PBXResourcesBuildPhase;
			buildActionMask = 2147483647;
			files = (
			);
			runOnlyForDeploymentPostprocessing = 0;
		};
		35BC668528A0C3A600A96890 /* Resources */ = {
			isa = PBXResourcesBuildPhase;
			buildActionMask = 2147483647;
			files = (
			);
			runOnlyForDeploymentPostprocessing = 0;
		};
/* End PBXResourcesBuildPhase section */

/* Begin PBXShellScriptBuildPhase section */
		00C486408C7380BDBA8817C8 /* [CP] Check Pods Manifest.lock */ = {
			isa = PBXShellScriptBuildPhase;
			buildActionMask = 2147483647;
			files = (
			);
			inputFileListPaths = (
			);
			inputPaths = (
				"${PODS_PODFILE_DIR_PATH}/Podfile.lock",
				"${PODS_ROOT}/Manifest.lock",
			);
			name = "[CP] Check Pods Manifest.lock";
			outputFileListPaths = (
			);
			outputPaths = (
				"$(DERIVED_FILE_DIR)/Pods-EthereumWalletDemoTests-checkManifestLockResult.txt",
			);
			runOnlyForDeploymentPostprocessing = 0;
			shellPath = /bin/sh;
			shellScript = "diff \"${PODS_PODFILE_DIR_PATH}/Podfile.lock\" \"${PODS_ROOT}/Manifest.lock\" > /dev/null\nif [ $? != 0 ] ; then\n    # print error to STDERR\n    echo \"error: The sandbox is not in sync with the Podfile.lock. Run 'pod install' or update your CocoaPods installation.\" >&2\n    exit 1\nfi\n# This output is used by Xcode 'outputs' to avoid re-running this script phase.\necho \"SUCCESS\" > \"${SCRIPT_OUTPUT_FILE_0}\"\n";
			showEnvVarsInLog = 0;
		};
		09B05466643923E36AE890F2 /* [CP] Embed Pods Frameworks */ = {
			isa = PBXShellScriptBuildPhase;
			buildActionMask = 2147483647;
			files = (
			);
			inputFileListPaths = (
				"${PODS_ROOT}/Target Support Files/Pods-EthereumWalletDemoTests/Pods-EthereumWalletDemoTests-frameworks-${CONFIGURATION}-input-files.xcfilelist",
			);
			name = "[CP] Embed Pods Frameworks";
			outputFileListPaths = (
				"${PODS_ROOT}/Target Support Files/Pods-EthereumWalletDemoTests/Pods-EthereumWalletDemoTests-frameworks-${CONFIGURATION}-output-files.xcfilelist",
			);
			runOnlyForDeploymentPostprocessing = 0;
			shellPath = /bin/sh;
			shellScript = "\"${PODS_ROOT}/Target Support Files/Pods-EthereumWalletDemoTests/Pods-EthereumWalletDemoTests-frameworks.sh\"\n";
			showEnvVarsInLog = 0;
		};
		20453936122A3CB4E55D4F34 /* [CP] Embed Pods Frameworks */ = {
			isa = PBXShellScriptBuildPhase;
			buildActionMask = 2147483647;
			files = (
			);
			inputFileListPaths = (
				"${PODS_ROOT}/Target Support Files/Pods-EthereumWalletDemo-EthereumWalletDemoUITests/Pods-EthereumWalletDemo-EthereumWalletDemoUITests-frameworks-${CONFIGURATION}-input-files.xcfilelist",
			);
			name = "[CP] Embed Pods Frameworks";
			outputFileListPaths = (
				"${PODS_ROOT}/Target Support Files/Pods-EthereumWalletDemo-EthereumWalletDemoUITests/Pods-EthereumWalletDemo-EthereumWalletDemoUITests-frameworks-${CONFIGURATION}-output-files.xcfilelist",
			);
			runOnlyForDeploymentPostprocessing = 0;
			shellPath = /bin/sh;
			shellScript = "\"${PODS_ROOT}/Target Support Files/Pods-EthereumWalletDemo-EthereumWalletDemoUITests/Pods-EthereumWalletDemo-EthereumWalletDemoUITests-frameworks.sh\"\n";
			showEnvVarsInLog = 0;
		};
		7BFCACF60BCADA02C5195C85 /* [CP] Embed Pods Frameworks */ = {
			isa = PBXShellScriptBuildPhase;
			buildActionMask = 2147483647;
			files = (
			);
			inputFileListPaths = (
				"${PODS_ROOT}/Target Support Files/Pods-EthereumWalletDemo/Pods-EthereumWalletDemo-frameworks-${CONFIGURATION}-input-files.xcfilelist",
			);
			name = "[CP] Embed Pods Frameworks";
			outputFileListPaths = (
				"${PODS_ROOT}/Target Support Files/Pods-EthereumWalletDemo/Pods-EthereumWalletDemo-frameworks-${CONFIGURATION}-output-files.xcfilelist",
			);
			runOnlyForDeploymentPostprocessing = 0;
			shellPath = /bin/sh;
			shellScript = "\"${PODS_ROOT}/Target Support Files/Pods-EthereumWalletDemo/Pods-EthereumWalletDemo-frameworks.sh\"\n";
			showEnvVarsInLog = 0;
		};
		DFF5A7E2DA07A136A717CB0D /* [CP] Check Pods Manifest.lock */ = {
			isa = PBXShellScriptBuildPhase;
			buildActionMask = 2147483647;
			files = (
			);
			inputFileListPaths = (
			);
			inputPaths = (
				"${PODS_PODFILE_DIR_PATH}/Podfile.lock",
				"${PODS_ROOT}/Manifest.lock",
			);
			name = "[CP] Check Pods Manifest.lock";
			outputFileListPaths = (
			);
			outputPaths = (
				"$(DERIVED_FILE_DIR)/Pods-EthereumWalletDemo-EthereumWalletDemoUITests-checkManifestLockResult.txt",
			);
			runOnlyForDeploymentPostprocessing = 0;
			shellPath = /bin/sh;
			shellScript = "diff \"${PODS_PODFILE_DIR_PATH}/Podfile.lock\" \"${PODS_ROOT}/Manifest.lock\" > /dev/null\nif [ $? != 0 ] ; then\n    # print error to STDERR\n    echo \"error: The sandbox is not in sync with the Podfile.lock. Run 'pod install' or update your CocoaPods installation.\" >&2\n    exit 1\nfi\n# This output is used by Xcode 'outputs' to avoid re-running this script phase.\necho \"SUCCESS\" > \"${SCRIPT_OUTPUT_FILE_0}\"\n";
			showEnvVarsInLog = 0;
		};
		F167C15B6FEE925FEB2671F4 /* [CP] Check Pods Manifest.lock */ = {
			isa = PBXShellScriptBuildPhase;
			buildActionMask = 2147483647;
			files = (
			);
			inputFileListPaths = (
			);
			inputPaths = (
				"${PODS_PODFILE_DIR_PATH}/Podfile.lock",
				"${PODS_ROOT}/Manifest.lock",
			);
			name = "[CP] Check Pods Manifest.lock";
			outputFileListPaths = (
			);
			outputPaths = (
				"$(DERIVED_FILE_DIR)/Pods-EthereumWalletDemo-checkManifestLockResult.txt",
			);
			runOnlyForDeploymentPostprocessing = 0;
			shellPath = /bin/sh;
			shellScript = "diff \"${PODS_PODFILE_DIR_PATH}/Podfile.lock\" \"${PODS_ROOT}/Manifest.lock\" > /dev/null\nif [ $? != 0 ] ; then\n    # print error to STDERR\n    echo \"error: The sandbox is not in sync with the Podfile.lock. Run 'pod install' or update your CocoaPods installation.\" >&2\n    exit 1\nfi\n# This output is used by Xcode 'outputs' to avoid re-running this script phase.\necho \"SUCCESS\" > \"${SCRIPT_OUTPUT_FILE_0}\"\n";
			showEnvVarsInLog = 0;
		};
/* End PBXShellScriptBuildPhase section */

/* Begin PBXSourcesBuildPhase section */
		35BC666428A0C3A400A96890 /* Sources */ = {
			isa = PBXSourcesBuildPhase;
			buildActionMask = 2147483647;
			files = (
				35BC667828A0C3A600A96890 /* EthereumWalletDemo.xcdatamodeld in Sources */,
				35BC66B628A0F5EF00A96890 /* HomeViewModel.swift in Sources */,
				35BC670028A2160C00A96890 /* EthereumNetworkService.swift in Sources */,
				35BC667528A0C3A600A96890 /* Persistence.swift in Sources */,
				35BC670C28A2331700A96890 /* Extenstions.swift in Sources */,
				35BC66B028A0F59100A96890 /* Home.swift in Sources */,
				35BC672128A2472700A96890 /* Token.swift in Sources */,
				35BC66BA28A1006200A96890 /* HomeHeader.swift in Sources */,
				35BC671E28A2472700A96890 /* TokenViewModel.swift in Sources */,
				35BC672928A2473000A96890 /* SendViewModel.swift in Sources */,
				35BC670828A2328A00A96890 /* Toast.swift in Sources */,
				35BC671828A246F500A96890 /* Buy.swift in Sources */,
				35BC671528A246F500A96890 /* BuyViewModel.swift in Sources */,
				35BC666C28A0C3A400A96890 /* EthereumWalletDemoApp.swift in Sources */,
				35BC672628A2473000A96890 /* Send.swift in Sources */,
			);
			runOnlyForDeploymentPostprocessing = 0;
		};
		35BC667928A0C3A600A96890 /* Sources */ = {
			isa = PBXSourcesBuildPhase;
			buildActionMask = 2147483647;
			files = (
				35BC672228A2472700A96890 /* Token.swift in Sources */,
				35BC671628A246F500A96890 /* BuyViewModel.swift in Sources */,
				35BC66B128A0F59100A96890 /* Home.swift in Sources */,
				35BC670928A2328A00A96890 /* Toast.swift in Sources */,
				35BC66BB28A1006200A96890 /* HomeHeader.swift in Sources */,
				35BC66B728A0F5EF00A96890 /* HomeViewModel.swift in Sources */,
				35BC668228A0C3A600A96890 /* EthereumWalletDemoTests.swift in Sources */,
				35BC672728A2473000A96890 /* Send.swift in Sources */,
				35BC670D28A2331700A96890 /* Extenstions.swift in Sources */,
				35BC670128A2160C00A96890 /* EthereumNetworkService.swift in Sources */,
				35BC672A28A2473000A96890 /* SendViewModel.swift in Sources */,
				35BC671F28A2472700A96890 /* TokenViewModel.swift in Sources */,
				35BC671928A246F500A96890 /* Buy.swift in Sources */,
			);
			runOnlyForDeploymentPostprocessing = 0;
		};
		35BC668328A0C3A600A96890 /* Sources */ = {
			isa = PBXSourcesBuildPhase;
			buildActionMask = 2147483647;
			files = (
				35BC668C28A0C3A600A96890 /* EthereumWalletDemoUITests.swift in Sources */,
				35BC66B228A0F59100A96890 /* Home.swift in Sources */,
				35BC668E28A0C3A600A96890 /* EthereumWalletDemoUITestsLaunchTests.swift in Sources */,
				35BC66B828A0F5EF00A96890 /* HomeViewModel.swift in Sources */,
				35BC671A28A246F500A96890 /* Buy.swift in Sources */,
				35BC671728A246F500A96890 /* BuyViewModel.swift in Sources */,
				35BC672B28A2473000A96890 /* SendViewModel.swift in Sources */,
				35BC670228A2160C00A96890 /* EthereumNetworkService.swift in Sources */,
				35BC672028A2472700A96890 /* TokenViewModel.swift in Sources */,
				35BC672828A2473000A96890 /* Send.swift in Sources */,
				35BC672328A2472700A96890 /* Token.swift in Sources */,
				35BC670E28A2331700A96890 /* Extenstions.swift in Sources */,
				35BC670A28A2328A00A96890 /* Toast.swift in Sources */,
				35BC66BC28A1006200A96890 /* HomeHeader.swift in Sources */,
			);
			runOnlyForDeploymentPostprocessing = 0;
		};
/* End PBXSourcesBuildPhase section */

/* Begin PBXTargetDependency section */
		35BC667F28A0C3A600A96890 /* PBXTargetDependency */ = {
			isa = PBXTargetDependency;
			target = 35BC666728A0C3A400A96890 /* EthereumWalletDemo */;
			targetProxy = 35BC667E28A0C3A600A96890 /* PBXContainerItemProxy */;
		};
		35BC668928A0C3A600A96890 /* PBXTargetDependency */ = {
			isa = PBXTargetDependency;
			target = 35BC666728A0C3A400A96890 /* EthereumWalletDemo */;
			targetProxy = 35BC668828A0C3A600A96890 /* PBXContainerItemProxy */;
		};
/* End PBXTargetDependency section */

/* Begin XCBuildConfiguration section */
		35BC668F28A0C3A600A96890 /* Debug */ = {
			isa = XCBuildConfiguration;
			buildSettings = {
				ALWAYS_SEARCH_USER_PATHS = NO;
				CLANG_ANALYZER_NONNULL = YES;
				CLANG_ANALYZER_NUMBER_OBJECT_CONVERSION = YES_AGGRESSIVE;
				CLANG_CXX_LANGUAGE_STANDARD = "gnu++17";
				CLANG_ENABLE_MODULES = YES;
				CLANG_ENABLE_OBJC_ARC = YES;
				CLANG_ENABLE_OBJC_WEAK = YES;
				CLANG_WARN_BLOCK_CAPTURE_AUTORELEASING = YES;
				CLANG_WARN_BOOL_CONVERSION = YES;
				CLANG_WARN_COMMA = YES;
				CLANG_WARN_CONSTANT_CONVERSION = YES;
				CLANG_WARN_DEPRECATED_OBJC_IMPLEMENTATIONS = YES;
				CLANG_WARN_DIRECT_OBJC_ISA_USAGE = YES_ERROR;
				CLANG_WARN_DOCUMENTATION_COMMENTS = YES;
				CLANG_WARN_EMPTY_BODY = YES;
				CLANG_WARN_ENUM_CONVERSION = YES;
				CLANG_WARN_INFINITE_RECURSION = YES;
				CLANG_WARN_INT_CONVERSION = YES;
				CLANG_WARN_NON_LITERAL_NULL_CONVERSION = YES;
				CLANG_WARN_OBJC_IMPLICIT_RETAIN_SELF = YES;
				CLANG_WARN_OBJC_LITERAL_CONVERSION = YES;
				CLANG_WARN_OBJC_ROOT_CLASS = YES_ERROR;
				CLANG_WARN_QUOTED_INCLUDE_IN_FRAMEWORK_HEADER = YES;
				CLANG_WARN_RANGE_LOOP_ANALYSIS = YES;
				CLANG_WARN_STRICT_PROTOTYPES = YES;
				CLANG_WARN_SUSPICIOUS_MOVE = YES;
				CLANG_WARN_UNGUARDED_AVAILABILITY = YES_AGGRESSIVE;
				CLANG_WARN_UNREACHABLE_CODE = YES;
				CLANG_WARN__DUPLICATE_METHOD_MATCH = YES;
				COPY_PHASE_STRIP = NO;
				DEBUG_INFORMATION_FORMAT = dwarf;
				ENABLE_STRICT_OBJC_MSGSEND = YES;
				ENABLE_TESTABILITY = YES;
				GCC_C_LANGUAGE_STANDARD = gnu11;
				GCC_DYNAMIC_NO_PIC = NO;
				GCC_NO_COMMON_BLOCKS = YES;
				GCC_OPTIMIZATION_LEVEL = 0;
				GCC_PREPROCESSOR_DEFINITIONS = (
					"DEBUG=1",
					"$(inherited)",
				);
				GCC_WARN_64_TO_32_BIT_CONVERSION = YES;
				GCC_WARN_ABOUT_RETURN_TYPE = YES_ERROR;
				GCC_WARN_UNDECLARED_SELECTOR = YES;
				GCC_WARN_UNINITIALIZED_AUTOS = YES_AGGRESSIVE;
				GCC_WARN_UNUSED_FUNCTION = YES;
				GCC_WARN_UNUSED_VARIABLE = YES;
				IPHONEOS_DEPLOYMENT_TARGET = 15.5;
				MTL_ENABLE_DEBUG_INFO = INCLUDE_SOURCE;
				MTL_FAST_MATH = YES;
				ONLY_ACTIVE_ARCH = YES;
				SDKROOT = iphoneos;
				SWIFT_ACTIVE_COMPILATION_CONDITIONS = DEBUG;
				SWIFT_OPTIMIZATION_LEVEL = "-Onone";
			};
			name = Debug;
		};
		35BC669028A0C3A600A96890 /* Release */ = {
			isa = XCBuildConfiguration;
			buildSettings = {
				ALWAYS_SEARCH_USER_PATHS = NO;
				CLANG_ANALYZER_NONNULL = YES;
				CLANG_ANALYZER_NUMBER_OBJECT_CONVERSION = YES_AGGRESSIVE;
				CLANG_CXX_LANGUAGE_STANDARD = "gnu++17";
				CLANG_ENABLE_MODULES = YES;
				CLANG_ENABLE_OBJC_ARC = YES;
				CLANG_ENABLE_OBJC_WEAK = YES;
				CLANG_WARN_BLOCK_CAPTURE_AUTORELEASING = YES;
				CLANG_WARN_BOOL_CONVERSION = YES;
				CLANG_WARN_COMMA = YES;
				CLANG_WARN_CONSTANT_CONVERSION = YES;
				CLANG_WARN_DEPRECATED_OBJC_IMPLEMENTATIONS = YES;
				CLANG_WARN_DIRECT_OBJC_ISA_USAGE = YES_ERROR;
				CLANG_WARN_DOCUMENTATION_COMMENTS = YES;
				CLANG_WARN_EMPTY_BODY = YES;
				CLANG_WARN_ENUM_CONVERSION = YES;
				CLANG_WARN_INFINITE_RECURSION = YES;
				CLANG_WARN_INT_CONVERSION = YES;
				CLANG_WARN_NON_LITERAL_NULL_CONVERSION = YES;
				CLANG_WARN_OBJC_IMPLICIT_RETAIN_SELF = YES;
				CLANG_WARN_OBJC_LITERAL_CONVERSION = YES;
				CLANG_WARN_OBJC_ROOT_CLASS = YES_ERROR;
				CLANG_WARN_QUOTED_INCLUDE_IN_FRAMEWORK_HEADER = YES;
				CLANG_WARN_RANGE_LOOP_ANALYSIS = YES;
				CLANG_WARN_STRICT_PROTOTYPES = YES;
				CLANG_WARN_SUSPICIOUS_MOVE = YES;
				CLANG_WARN_UNGUARDED_AVAILABILITY = YES_AGGRESSIVE;
				CLANG_WARN_UNREACHABLE_CODE = YES;
				CLANG_WARN__DUPLICATE_METHOD_MATCH = YES;
				COPY_PHASE_STRIP = NO;
				DEBUG_INFORMATION_FORMAT = "dwarf-with-dsym";
				ENABLE_NS_ASSERTIONS = NO;
				ENABLE_STRICT_OBJC_MSGSEND = YES;
				GCC_C_LANGUAGE_STANDARD = gnu11;
				GCC_NO_COMMON_BLOCKS = YES;
				GCC_WARN_64_TO_32_BIT_CONVERSION = YES;
				GCC_WARN_ABOUT_RETURN_TYPE = YES_ERROR;
				GCC_WARN_UNDECLARED_SELECTOR = YES;
				GCC_WARN_UNINITIALIZED_AUTOS = YES_AGGRESSIVE;
				GCC_WARN_UNUSED_FUNCTION = YES;
				GCC_WARN_UNUSED_VARIABLE = YES;
				IPHONEOS_DEPLOYMENT_TARGET = 15.5;
				MTL_ENABLE_DEBUG_INFO = NO;
				MTL_FAST_MATH = YES;
				SDKROOT = iphoneos;
				SWIFT_COMPILATION_MODE = wholemodule;
				SWIFT_OPTIMIZATION_LEVEL = "-O";
				VALIDATE_PRODUCT = YES;
			};
			name = Release;
		};
		35BC669228A0C3A600A96890 /* Debug */ = {
			isa = XCBuildConfiguration;
			baseConfigurationReference = 88E42FBDC40CDF9A63677A49 /* Pods-EthereumWalletDemo.debug.xcconfig */;
			buildSettings = {
				ASSETCATALOG_COMPILER_APPICON_NAME = AppIcon;
				ASSETCATALOG_COMPILER_GLOBAL_ACCENT_COLOR_NAME = AccentColor;
				CODE_SIGN_STYLE = Automatic;
				CURRENT_PROJECT_VERSION = 1;
				DEVELOPMENT_ASSET_PATHS = "\"EthereumWalletDemo/Preview Content\"";
				DEVELOPMENT_TEAM = 6YPQP6GWFH;
				ENABLE_PREVIEWS = YES;
				GENERATE_INFOPLIST_FILE = YES;
				INFOPLIST_KEY_UIApplicationSceneManifest_Generation = YES;
				INFOPLIST_KEY_UIApplicationSupportsIndirectInputEvents = YES;
				INFOPLIST_KEY_UILaunchScreen_Generation = YES;
				INFOPLIST_KEY_UISupportedInterfaceOrientations = UIInterfaceOrientationPortrait;
				INFOPLIST_KEY_UISupportedInterfaceOrientations_iPad = "UIInterfaceOrientationPortrait UIInterfaceOrientationPortraitUpsideDown UIInterfaceOrientationLandscapeLeft UIInterfaceOrientationLandscapeRight";
				INFOPLIST_KEY_UISupportedInterfaceOrientations_iPhone = "UIInterfaceOrientationPortrait UIInterfaceOrientationLandscapeLeft UIInterfaceOrientationLandscapeRight";
				IPHONEOS_DEPLOYMENT_TARGET = 15.0;
				LD_RUNPATH_SEARCH_PATHS = (
					"$(inherited)",
					"@executable_path/Frameworks",
				);
				MARKETING_VERSION = 1.0;
				PRODUCT_BUNDLE_IDENTIFIER = com.demotest.EthereumWalletDemo;
				PRODUCT_NAME = "$(TARGET_NAME)";
				SWIFT_EMIT_LOC_STRINGS = YES;
				SWIFT_VERSION = 5.0;
				TARGETED_DEVICE_FAMILY = "1,2";
			};
			name = Debug;
		};
		35BC669328A0C3A600A96890 /* Release */ = {
			isa = XCBuildConfiguration;
			baseConfigurationReference = 724992F342C9FF0E3E4BF4F0 /* Pods-EthereumWalletDemo.release.xcconfig */;
			buildSettings = {
				ASSETCATALOG_COMPILER_APPICON_NAME = AppIcon;
				ASSETCATALOG_COMPILER_GLOBAL_ACCENT_COLOR_NAME = AccentColor;
				CODE_SIGN_STYLE = Automatic;
				CURRENT_PROJECT_VERSION = 1;
				DEVELOPMENT_ASSET_PATHS = "\"EthereumWalletDemo/Preview Content\"";
				DEVELOPMENT_TEAM = 6YPQP6GWFH;
				ENABLE_PREVIEWS = YES;
				GENERATE_INFOPLIST_FILE = YES;
				INFOPLIST_KEY_UIApplicationSceneManifest_Generation = YES;
				INFOPLIST_KEY_UIApplicationSupportsIndirectInputEvents = YES;
				INFOPLIST_KEY_UILaunchScreen_Generation = YES;
				INFOPLIST_KEY_UISupportedInterfaceOrientations = UIInterfaceOrientationPortrait;
				INFOPLIST_KEY_UISupportedInterfaceOrientations_iPad = "UIInterfaceOrientationPortrait UIInterfaceOrientationPortraitUpsideDown UIInterfaceOrientationLandscapeLeft UIInterfaceOrientationLandscapeRight";
				INFOPLIST_KEY_UISupportedInterfaceOrientations_iPhone = "UIInterfaceOrientationPortrait UIInterfaceOrientationLandscapeLeft UIInterfaceOrientationLandscapeRight";
				IPHONEOS_DEPLOYMENT_TARGET = 15.0;
				LD_RUNPATH_SEARCH_PATHS = (
					"$(inherited)",
					"@executable_path/Frameworks",
				);
				MARKETING_VERSION = 1.0;
				PRODUCT_BUNDLE_IDENTIFIER = com.demotest.EthereumWalletDemo;
				PRODUCT_NAME = "$(TARGET_NAME)";
				SWIFT_EMIT_LOC_STRINGS = YES;
				SWIFT_VERSION = 5.0;
				TARGETED_DEVICE_FAMILY = "1,2";
			};
			name = Release;
		};
		35BC669528A0C3A600A96890 /* Debug */ = {
			isa = XCBuildConfiguration;
			baseConfigurationReference = F5F173363571A252D54DD2C9 /* Pods-EthereumWalletDemoTests.debug.xcconfig */;
			buildSettings = {
				ALWAYS_EMBED_SWIFT_STANDARD_LIBRARIES = YES;
				BUNDLE_LOADER = "$(TEST_HOST)";
				CODE_SIGN_STYLE = Automatic;
				CURRENT_PROJECT_VERSION = 1;
				DEVELOPMENT_TEAM = 6YPQP6GWFH;
				GENERATE_INFOPLIST_FILE = YES;
				IPHONEOS_DEPLOYMENT_TARGET = 15.5;
				MARKETING_VERSION = 1.0;
				PRODUCT_BUNDLE_IDENTIFIER = com.demotest.EthereumWalletDemoTests;
				PRODUCT_NAME = "$(TARGET_NAME)";
				SWIFT_EMIT_LOC_STRINGS = NO;
				SWIFT_VERSION = 5.0;
				TARGETED_DEVICE_FAMILY = "1,2";
				TEST_HOST = "$(BUILT_PRODUCTS_DIR)/EthereumWalletDemo.app/EthereumWalletDemo";
			};
			name = Debug;
		};
		35BC669628A0C3A600A96890 /* Release */ = {
			isa = XCBuildConfiguration;
			baseConfigurationReference = 6D3CDC8319D2EFA604D11FA5 /* Pods-EthereumWalletDemoTests.release.xcconfig */;
			buildSettings = {
				ALWAYS_EMBED_SWIFT_STANDARD_LIBRARIES = YES;
				BUNDLE_LOADER = "$(TEST_HOST)";
				CODE_SIGN_STYLE = Automatic;
				CURRENT_PROJECT_VERSION = 1;
				DEVELOPMENT_TEAM = 6YPQP6GWFH;
				GENERATE_INFOPLIST_FILE = YES;
				IPHONEOS_DEPLOYMENT_TARGET = 15.5;
				MARKETING_VERSION = 1.0;
				PRODUCT_BUNDLE_IDENTIFIER = com.demotest.EthereumWalletDemoTests;
				PRODUCT_NAME = "$(TARGET_NAME)";
				SWIFT_EMIT_LOC_STRINGS = NO;
				SWIFT_VERSION = 5.0;
				TARGETED_DEVICE_FAMILY = "1,2";
				TEST_HOST = "$(BUILT_PRODUCTS_DIR)/EthereumWalletDemo.app/EthereumWalletDemo";
			};
			name = Release;
		};
		35BC669828A0C3A600A96890 /* Debug */ = {
			isa = XCBuildConfiguration;
			baseConfigurationReference = 522BF5F397723F5647BC44CC /* Pods-EthereumWalletDemo-EthereumWalletDemoUITests.debug.xcconfig */;
			buildSettings = {
				ALWAYS_EMBED_SWIFT_STANDARD_LIBRARIES = YES;
				CODE_SIGN_STYLE = Automatic;
				CURRENT_PROJECT_VERSION = 1;
				DEVELOPMENT_TEAM = 6YPQP6GWFH;
				GENERATE_INFOPLIST_FILE = YES;
				MARKETING_VERSION = 1.0;
				PRODUCT_BUNDLE_IDENTIFIER = com.demotest.EthereumWalletDemoUITests;
				PRODUCT_NAME = "$(TARGET_NAME)";
				SWIFT_EMIT_LOC_STRINGS = NO;
				SWIFT_VERSION = 5.0;
				TARGETED_DEVICE_FAMILY = "1,2";
				TEST_TARGET_NAME = EthereumWalletDemo;
			};
			name = Debug;
		};
		35BC669928A0C3A600A96890 /* Release */ = {
			isa = XCBuildConfiguration;
			baseConfigurationReference = 011A3E74CB3DF5141F5BDD76 /* Pods-EthereumWalletDemo-EthereumWalletDemoUITests.release.xcconfig */;
			buildSettings = {
				ALWAYS_EMBED_SWIFT_STANDARD_LIBRARIES = YES;
				CODE_SIGN_STYLE = Automatic;
				CURRENT_PROJECT_VERSION = 1;
				DEVELOPMENT_TEAM = 6YPQP6GWFH;
				GENERATE_INFOPLIST_FILE = YES;
				MARKETING_VERSION = 1.0;
				PRODUCT_BUNDLE_IDENTIFIER = com.demotest.EthereumWalletDemoUITests;
				PRODUCT_NAME = "$(TARGET_NAME)";
				SWIFT_EMIT_LOC_STRINGS = NO;
				SWIFT_VERSION = 5.0;
				TARGETED_DEVICE_FAMILY = "1,2";
				TEST_TARGET_NAME = EthereumWalletDemo;
			};
			name = Release;
		};
/* End XCBuildConfiguration section */

/* Begin XCConfigurationList section */
		35BC666328A0C3A400A96890 /* Build configuration list for PBXProject "EthereumWalletDemo" */ = {
			isa = XCConfigurationList;
			buildConfigurations = (
				35BC668F28A0C3A600A96890 /* Debug */,
				35BC669028A0C3A600A96890 /* Release */,
			);
			defaultConfigurationIsVisible = 0;
			defaultConfigurationName = Release;
		};
		35BC669128A0C3A600A96890 /* Build configuration list for PBXNativeTarget "EthereumWalletDemo" */ = {
			isa = XCConfigurationList;
			buildConfigurations = (
				35BC669228A0C3A600A96890 /* Debug */,
				35BC669328A0C3A600A96890 /* Release */,
			);
			defaultConfigurationIsVisible = 0;
			defaultConfigurationName = Release;
		};
		35BC669428A0C3A600A96890 /* Build configuration list for PBXNativeTarget "EthereumWalletDemoTests" */ = {
			isa = XCConfigurationList;
			buildConfigurations = (
				35BC669528A0C3A600A96890 /* Debug */,
				35BC669628A0C3A600A96890 /* Release */,
			);
			defaultConfigurationIsVisible = 0;
			defaultConfigurationName = Release;
		};
		35BC669728A0C3A600A96890 /* Build configuration list for PBXNativeTarget "EthereumWalletDemoUITests" */ = {
			isa = XCConfigurationList;
			buildConfigurations = (
				35BC669828A0C3A600A96890 /* Debug */,
				35BC669928A0C3A600A96890 /* Release */,
			);
			defaultConfigurationIsVisible = 0;
			defaultConfigurationName = Release;
		};
/* End XCConfigurationList section */

/* Begin XCVersionGroup section */
		35BC667628A0C3A600A96890 /* EthereumWalletDemo.xcdatamodeld */ = {
			isa = XCVersionGroup;
			children = (
				35BC667728A0C3A600A96890 /* EthereumWalletDemo.xcdatamodel */,
			);
			currentVersion = 35BC667728A0C3A600A96890 /* EthereumWalletDemo.xcdatamodel */;
			path = EthereumWalletDemo.xcdatamodeld;
			sourceTree = "<group>";
			versionGroupType = wrapper.xcdatamodel;
		};
/* End XCVersionGroup section */
	};
	rootObject = 35BC666028A0C3A400A96890 /* Project object */;
}
